// !$*UTF8*$!
{
	archiveVersion = 1;
	classes = {
	};
	objectVersion = 55;
	objects = {

/* Begin PBXBuildFile section */
		10311F9427FEF0ED002EEB99 /* AppDelegate.swift in Sources */ = {isa = PBXBuildFile; fileRef = 10311F9327FEF0ED002EEB99 /* AppDelegate.swift */; };
		10311F9627FEF0ED002EEB99 /* SceneDelegate.swift in Sources */ = {isa = PBXBuildFile; fileRef = 10311F9527FEF0ED002EEB99 /* SceneDelegate.swift */; };
		10311F9B27FEF0ED002EEB99 /* Main.storyboard in Resources */ = {isa = PBXBuildFile; fileRef = 10311F9927FEF0ED002EEB99 /* Main.storyboard */; };
		10311F9D27FEF0EE002EEB99 /* Assets.xcassets in Resources */ = {isa = PBXBuildFile; fileRef = 10311F9C27FEF0EE002EEB99 /* Assets.xcassets */; };
		10311FA027FEF0EE002EEB99 /* LaunchScreen.storyboard in Resources */ = {isa = PBXBuildFile; fileRef = 10311F9E27FEF0EE002EEB99 /* LaunchScreen.storyboard */; };
		10311FAC27FEF130002EEB99 /* OnboardingSlide.swift in Sources */ = {isa = PBXBuildFile; fileRef = 10311FAB27FEF130002EEB99 /* OnboardingSlide.swift */; };
		10311FAF27FEF664002EEB99 /* OnboardingViewController.swift in Sources */ = {isa = PBXBuildFile; fileRef = 10311FAE27FEF664002EEB99 /* OnboardingViewController.swift */; };
		10311FB127FEF6C6002EEB99 /* UIView+Extension.swift in Sources */ = {isa = PBXBuildFile; fileRef = 10311FB027FEF6C6002EEB99 /* UIView+Extension.swift */; };
		1075FA3928032DB1002545B3 /* UITableView+Extension.swift in Sources */ = {isa = PBXBuildFile; fileRef = 1075FA3828032DB1002545B3 /* UITableView+Extension.swift */; };
		1075FA3B28033FCC002545B3 /* UITableViewCell+Extension.swift in Sources */ = {isa = PBXBuildFile; fileRef = 1075FA3A28033FCC002545B3 /* UITableViewCell+Extension.swift */; };
		1075FA4228041213002545B3 /* TaskItem+CoreDataClass.swift in Sources */ = {isa = PBXBuildFile; fileRef = 1075FA4028041213002545B3 /* TaskItem+CoreDataClass.swift */; };
		1075FA4328041213002545B3 /* TaskItem+CoreDataProperties.swift in Sources */ = {isa = PBXBuildFile; fileRef = 1075FA4128041213002545B3 /* TaskItem+CoreDataProperties.swift */; };
		1075FA452804150B002545B3 /* OneThreeFiveTableViewCell.swift in Sources */ = {isa = PBXBuildFile; fileRef = 1075FA442804150B002545B3 /* OneThreeFiveTableViewCell.swift */; };
		1075FA4728043DAD002545B3 /* Constants.swift in Sources */ = {isa = PBXBuildFile; fileRef = 1075FA4628043DAD002545B3 /* Constants.swift */; };
		1075FA4928047F34002545B3 /* PrioritizeViewController.swift in Sources */ = {isa = PBXBuildFile; fileRef = 1075FA4828047F34002545B3 /* PrioritizeViewController.swift */; };
		1075FA4B2804818E002545B3 /* UserDefaults+Extension.swift in Sources */ = {isa = PBXBuildFile; fileRef = 1075FA4A2804818E002545B3 /* UserDefaults+Extension.swift */; };
		1075FA4D28048D25002545B3 /* PrioritizeTableViewCell.swift in Sources */ = {isa = PBXBuildFile; fileRef = 1075FA4C28048D25002545B3 /* PrioritizeTableViewCell.swift */; };
		1075FA5128054642002545B3 /* TaskDetailViewController.swift in Sources */ = {isa = PBXBuildFile; fileRef = 1075FA5028054642002545B3 /* TaskDetailViewController.swift */; };
		1075FA5328055BA7002545B3 /* NSMutableAttributedString+Extension.swift in Sources */ = {isa = PBXBuildFile; fileRef = 1075FA5228055BA7002545B3 /* NSMutableAttributedString+Extension.swift */; };
		1075FA5528056763002545B3 /* EditTaskViewController.swift in Sources */ = {isa = PBXBuildFile; fileRef = 1075FA5428056762002545B3 /* EditTaskViewController.swift */; };
		10AF5093280094800094231D /* AddTaskViewController.swift in Sources */ = {isa = PBXBuildFile; fileRef = 10AF5092280094800094231D /* AddTaskViewController.swift */; };
		10AF50952800A6C40094231D /* UIButton+Extension.swift in Sources */ = {isa = PBXBuildFile; fileRef = 10AF50942800A6C40094231D /* UIButton+Extension.swift */; };
		10AF509A280130500094231D /* Data.xcdatamodeld in Sources */ = {isa = PBXBuildFile; fileRef = 10AF5098280130500094231D /* Data.xcdatamodeld */; };
		10AF50A028015AD40094231D /* TaskTableViewCell.swift in Sources */ = {isa = PBXBuildFile; fileRef = 10AF509F28015AD40094231D /* TaskTableViewCell.swift */; };
		10F5020427FFDC66004836CE /* OnboardingCollectionViewCell.swift in Sources */ = {isa = PBXBuildFile; fileRef = 10F5020327FFDC66004836CE /* OnboardingCollectionViewCell.swift */; };
		10F502072800149F004836CE /* TaskListViewController.swift in Sources */ = {isa = PBXBuildFile; fileRef = 10F502062800149F004836CE /* TaskListViewController.swift */; };
		10F5020C280032D2004836CE /* MainTabBarController.swift in Sources */ = {isa = PBXBuildFile; fileRef = 10F5020B280032D2004836CE /* MainTabBarController.swift */; };
		10F5020E28003571004836CE /* OneThreeFiveViewController.swift in Sources */ = {isa = PBXBuildFile; fileRef = 10F5020D28003571004836CE /* OneThreeFiveViewController.swift */; };
/* End PBXBuildFile section */

/* Begin PBXFileReference section */
		10311F9027FEF0ED002EEB99 /* emcesatu.app */ = {isa = PBXFileReference; explicitFileType = wrapper.application; includeInIndex = 0; path = emcesatu.app; sourceTree = BUILT_PRODUCTS_DIR; };
		10311F9327FEF0ED002EEB99 /* AppDelegate.swift */ = {isa = PBXFileReference; lastKnownFileType = sourcecode.swift; path = AppDelegate.swift; sourceTree = "<group>"; };
		10311F9527FEF0ED002EEB99 /* SceneDelegate.swift */ = {isa = PBXFileReference; lastKnownFileType = sourcecode.swift; path = SceneDelegate.swift; sourceTree = "<group>"; };
		10311F9A27FEF0ED002EEB99 /* Base */ = {isa = PBXFileReference; lastKnownFileType = file.storyboard; name = Base; path = Base.lproj/Main.storyboard; sourceTree = "<group>"; };
		10311F9C27FEF0EE002EEB99 /* Assets.xcassets */ = {isa = PBXFileReference; lastKnownFileType = folder.assetcatalog; path = Assets.xcassets; sourceTree = "<group>"; };
		10311F9F27FEF0EE002EEB99 /* Base */ = {isa = PBXFileReference; lastKnownFileType = file.storyboard; name = Base; path = Base.lproj/LaunchScreen.storyboard; sourceTree = "<group>"; };
		10311FA127FEF0EE002EEB99 /* Info.plist */ = {isa = PBXFileReference; lastKnownFileType = text.plist.xml; path = Info.plist; sourceTree = "<group>"; };
		10311FAB27FEF130002EEB99 /* OnboardingSlide.swift */ = {isa = PBXFileReference; lastKnownFileType = sourcecode.swift; path = OnboardingSlide.swift; sourceTree = "<group>"; };
		10311FAE27FEF664002EEB99 /* OnboardingViewController.swift */ = {isa = PBXFileReference; lastKnownFileType = sourcecode.swift; path = OnboardingViewController.swift; sourceTree = "<group>"; };
		10311FB027FEF6C6002EEB99 /* UIView+Extension.swift */ = {isa = PBXFileReference; lastKnownFileType = sourcecode.swift; path = "UIView+Extension.swift"; sourceTree = "<group>"; };
		1075FA3828032DB1002545B3 /* UITableView+Extension.swift */ = {isa = PBXFileReference; lastKnownFileType = sourcecode.swift; path = "UITableView+Extension.swift"; sourceTree = "<group>"; };
		1075FA3A28033FCC002545B3 /* UITableViewCell+Extension.swift */ = {isa = PBXFileReference; lastKnownFileType = sourcecode.swift; path = "UITableViewCell+Extension.swift"; sourceTree = "<group>"; };
		1075FA4028041213002545B3 /* TaskItem+CoreDataClass.swift */ = {isa = PBXFileReference; lastKnownFileType = sourcecode.swift; path = "TaskItem+CoreDataClass.swift"; sourceTree = "<group>"; };
		1075FA4128041213002545B3 /* TaskItem+CoreDataProperties.swift */ = {isa = PBXFileReference; lastKnownFileType = sourcecode.swift; path = "TaskItem+CoreDataProperties.swift"; sourceTree = "<group>"; };
		1075FA442804150B002545B3 /* OneThreeFiveTableViewCell.swift */ = {isa = PBXFileReference; lastKnownFileType = sourcecode.swift; path = OneThreeFiveTableViewCell.swift; sourceTree = "<group>"; };
		1075FA4628043DAD002545B3 /* Constants.swift */ = {isa = PBXFileReference; lastKnownFileType = sourcecode.swift; path = Constants.swift; sourceTree = "<group>"; };
		1075FA4828047F34002545B3 /* PrioritizeViewController.swift */ = {isa = PBXFileReference; lastKnownFileType = sourcecode.swift; path = PrioritizeViewController.swift; sourceTree = "<group>"; };
		1075FA4A2804818E002545B3 /* UserDefaults+Extension.swift */ = {isa = PBXFileReference; lastKnownFileType = sourcecode.swift; path = "UserDefaults+Extension.swift"; sourceTree = "<group>"; };
		1075FA4C28048D25002545B3 /* PrioritizeTableViewCell.swift */ = {isa = PBXFileReference; lastKnownFileType = sourcecode.swift; path = PrioritizeTableViewCell.swift; sourceTree = "<group>"; };
		1075FA5028054642002545B3 /* TaskDetailViewController.swift */ = {isa = PBXFileReference; lastKnownFileType = sourcecode.swift; path = TaskDetailViewController.swift; sourceTree = "<group>"; };
		1075FA5228055BA7002545B3 /* NSMutableAttributedString+Extension.swift */ = {isa = PBXFileReference; lastKnownFileType = sourcecode.swift; path = "NSMutableAttributedString+Extension.swift"; sourceTree = "<group>"; };
		1075FA5428056762002545B3 /* EditTaskViewController.swift */ = {isa = PBXFileReference; lastKnownFileType = sourcecode.swift; path = EditTaskViewController.swift; sourceTree = "<group>"; };
		10AF5092280094800094231D /* AddTaskViewController.swift */ = {isa = PBXFileReference; lastKnownFileType = sourcecode.swift; path = AddTaskViewController.swift; sourceTree = "<group>"; };
		10AF50942800A6C40094231D /* UIButton+Extension.swift */ = {isa = PBXFileReference; lastKnownFileType = sourcecode.swift; path = "UIButton+Extension.swift"; sourceTree = "<group>"; };
		10AF5099280130500094231D /* Data.xcdatamodel */ = {isa = PBXFileReference; lastKnownFileType = wrapper.xcdatamodel; path = Data.xcdatamodel; sourceTree = "<group>"; };
		10AF509F28015AD40094231D /* TaskTableViewCell.swift */ = {isa = PBXFileReference; lastKnownFileType = sourcecode.swift; path = TaskTableViewCell.swift; sourceTree = "<group>"; };
		10F5020327FFDC66004836CE /* OnboardingCollectionViewCell.swift */ = {isa = PBXFileReference; lastKnownFileType = sourcecode.swift; path = OnboardingCollectionViewCell.swift; sourceTree = "<group>"; };
		10F502062800149F004836CE /* TaskListViewController.swift */ = {isa = PBXFileReference; lastKnownFileType = sourcecode.swift; path = TaskListViewController.swift; sourceTree = "<group>"; };
		10F5020B280032D2004836CE /* MainTabBarController.swift */ = {isa = PBXFileReference; lastKnownFileType = sourcecode.swift; path = MainTabBarController.swift; sourceTree = "<group>"; };
		10F5020D28003571004836CE /* OneThreeFiveViewController.swift */ = {isa = PBXFileReference; lastKnownFileType = sourcecode.swift; path = OneThreeFiveViewController.swift; sourceTree = "<group>"; };
/* End PBXFileReference section */

/* Begin PBXFrameworksBuildPhase section */
		10311F8D27FEF0ED002EEB99 /* Frameworks */ = {
			isa = PBXFrameworksBuildPhase;
			buildActionMask = 2147483647;
			files = (
			);
			runOnlyForDeploymentPostprocessing = 0;
		};
/* End PBXFrameworksBuildPhase section */

/* Begin PBXGroup section */
		10311F8727FEF0ED002EEB99 = {
			isa = PBXGroup;
			children = (
				10311F9227FEF0ED002EEB99 /* emcesatu */,
				10311F9127FEF0ED002EEB99 /* Products */,
			);
			sourceTree = "<group>";
		};
		10311F9127FEF0ED002EEB99 /* Products */ = {
			isa = PBXGroup;
			children = (
				10311F9027FEF0ED002EEB99 /* emcesatu.app */,
			);
			name = Products;
			sourceTree = "<group>";
		};
		10311F9227FEF0ED002EEB99 /* emcesatu */ = {
			isa = PBXGroup;
			children = (
				10F5020828002CC8004836CE /* CustomObjects */,
				10311FAA27FEF11A002EEB99 /* Extensions */,
				10311FA927FEF10E002EEB99 /* CustomViews */,
				10311FA827FEF108002EEB99 /* Views */,
				10311FA727FEF0FA002EEB99 /* Model */,
				10311F9327FEF0ED002EEB99 /* AppDelegate.swift */,
				10311F9527FEF0ED002EEB99 /* SceneDelegate.swift */,
				10311F9927FEF0ED002EEB99 /* Main.storyboard */,
				10311F9C27FEF0EE002EEB99 /* Assets.xcassets */,
				10311F9E27FEF0EE002EEB99 /* LaunchScreen.storyboard */,
				10311FA127FEF0EE002EEB99 /* Info.plist */,
				10AF5098280130500094231D /* Data.xcdatamodeld */,
				1075FA4628043DAD002545B3 /* Constants.swift */,
			);
			path = emcesatu;
			sourceTree = "<group>";
		};
		10311FA727FEF0FA002EEB99 /* Model */ = {
			isa = PBXGroup;
			children = (
				1075FA4028041213002545B3 /* TaskItem+CoreDataClass.swift */,
				1075FA4128041213002545B3 /* TaskItem+CoreDataProperties.swift */,
				10311FAB27FEF130002EEB99 /* OnboardingSlide.swift */,
			);
			path = Model;
			sourceTree = "<group>";
		};
		10311FA827FEF108002EEB99 /* Views */ = {
			isa = PBXGroup;
			children = (
				10F5020528001458004836CE /* Main */,
				10311FAD27FEF64F002EEB99 /* Onboarding */,
			);
			path = Views;
			sourceTree = "<group>";
		};
		10311FA927FEF10E002EEB99 /* CustomViews */ = {
			isa = PBXGroup;
			children = (
			);
			path = CustomViews;
			sourceTree = "<group>";
		};
		10311FAA27FEF11A002EEB99 /* Extensions */ = {
			isa = PBXGroup;
			children = (
				10311FB027FEF6C6002EEB99 /* UIView+Extension.swift */,
				10AF50942800A6C40094231D /* UIButton+Extension.swift */,
				1075FA3828032DB1002545B3 /* UITableView+Extension.swift */,
				1075FA3A28033FCC002545B3 /* UITableViewCell+Extension.swift */,
				1075FA4A2804818E002545B3 /* UserDefaults+Extension.swift */,
				1075FA5228055BA7002545B3 /* NSMutableAttributedString+Extension.swift */,
			);
			path = Extensions;
			sourceTree = "<group>";
		};
		10311FAD27FEF64F002EEB99 /* Onboarding */ = {
			isa = PBXGroup;
			children = (
				10311FAE27FEF664002EEB99 /* OnboardingViewController.swift */,
				10F5020327FFDC66004836CE /* OnboardingCollectionViewCell.swift */,
			);
			path = Onboarding;
			sourceTree = "<group>";
		};
		10F5020528001458004836CE /* Main */ = {
			isa = PBXGroup;
			children = (
				10F502062800149F004836CE /* TaskListViewController.swift */,
				10F5020B280032D2004836CE /* MainTabBarController.swift */,
				10F5020D28003571004836CE /* OneThreeFiveViewController.swift */,
				10AF5092280094800094231D /* AddTaskViewController.swift */,
				10AF509F28015AD40094231D /* TaskTableViewCell.swift */,
				1075FA442804150B002545B3 /* OneThreeFiveTableViewCell.swift */,
				1075FA4828047F34002545B3 /* PrioritizeViewController.swift */,
				1075FA4C28048D25002545B3 /* PrioritizeTableViewCell.swift */,
				1075FA5028054642002545B3 /* TaskDetailViewController.swift */,
				1075FA5428056762002545B3 /* EditTaskViewController.swift */,
			);
			path = Main;
			sourceTree = "<group>";
		};
		10F5020828002CC8004836CE /* CustomObjects */ = {
			isa = PBXGroup;
			children = (
			);
			path = CustomObjects;
			sourceTree = "<group>";
		};
/* End PBXGroup section */

/* Begin PBXNativeTarget section */
		10311F8F27FEF0ED002EEB99 /* emcesatu */ = {
			isa = PBXNativeTarget;
			buildConfigurationList = 10311FA427FEF0EE002EEB99 /* Build configuration list for PBXNativeTarget "emcesatu" */;
			buildPhases = (
				10311F8C27FEF0ED002EEB99 /* Sources */,
				10311F8D27FEF0ED002EEB99 /* Frameworks */,
				10311F8E27FEF0ED002EEB99 /* Resources */,
			);
			buildRules = (
			);
			dependencies = (
			);
			name = emcesatu;
			productName = emcesatu;
			productReference = 10311F9027FEF0ED002EEB99 /* emcesatu.app */;
			productType = "com.apple.product-type.application";
		};
/* End PBXNativeTarget section */

/* Begin PBXProject section */
		10311F8827FEF0ED002EEB99 /* Project object */ = {
			isa = PBXProject;
			attributes = {
				BuildIndependentTargetsInParallel = 1;
				LastSwiftUpdateCheck = 1330;
				LastUpgradeCheck = 1330;
				TargetAttributes = {
					10311F8F27FEF0ED002EEB99 = {
						CreatedOnToolsVersion = 13.3;
					};
				};
			};
			buildConfigurationList = 10311F8B27FEF0ED002EEB99 /* Build configuration list for PBXProject "emcesatu" */;
			compatibilityVersion = "Xcode 13.0";
			developmentRegion = en;
			hasScannedForEncodings = 0;
			knownRegions = (
				en,
				Base,
			);
			mainGroup = 10311F8727FEF0ED002EEB99;
			productRefGroup = 10311F9127FEF0ED002EEB99 /* Products */;
			projectDirPath = "";
			projectRoot = "";
			targets = (
				10311F8F27FEF0ED002EEB99 /* emcesatu */,
			);
		};
/* End PBXProject section */

/* Begin PBXResourcesBuildPhase section */
		10311F8E27FEF0ED002EEB99 /* Resources */ = {
			isa = PBXResourcesBuildPhase;
			buildActionMask = 2147483647;
			files = (
				10311FA027FEF0EE002EEB99 /* LaunchScreen.storyboard in Resources */,
				10311F9D27FEF0EE002EEB99 /* Assets.xcassets in Resources */,
				10311F9B27FEF0ED002EEB99 /* Main.storyboard in Resources */,
			);
			runOnlyForDeploymentPostprocessing = 0;
		};
/* End PBXResourcesBuildPhase section */

/* Begin PBXSourcesBuildPhase section */
		10311F8C27FEF0ED002EEB99 /* Sources */ = {
			isa = PBXSourcesBuildPhase;
			buildActionMask = 2147483647;
			files = (
				10F502072800149F004836CE /* TaskListViewController.swift in Sources */,
				1075FA4728043DAD002545B3 /* Constants.swift in Sources */,
				10311F9427FEF0ED002EEB99 /* AppDelegate.swift in Sources */,
				10F5020C280032D2004836CE /* MainTabBarController.swift in Sources */,
				10AF50952800A6C40094231D /* UIButton+Extension.swift in Sources */,
				1075FA4928047F34002545B3 /* PrioritizeViewController.swift in Sources */,
				1075FA3B28033FCC002545B3 /* UITableViewCell+Extension.swift in Sources */,
				10311FAC27FEF130002EEB99 /* OnboardingSlide.swift in Sources */,
				10311F9627FEF0ED002EEB99 /* SceneDelegate.swift in Sources */,
				10AF50A028015AD40094231D /* TaskTableViewCell.swift in Sources */,
				10F5020E28003571004836CE /* OneThreeFiveViewController.swift in Sources */,
				1075FA5128054642002545B3 /* TaskDetailViewController.swift in Sources */,
				10311FB127FEF6C6002EEB99 /* UIView+Extension.swift in Sources */,
				1075FA4D28048D25002545B3 /* PrioritizeTableViewCell.swift in Sources */,
				1075FA5328055BA7002545B3 /* NSMutableAttributedString+Extension.swift in Sources */,
				10311FAF27FEF664002EEB99 /* OnboardingViewController.swift in Sources */,
				1075FA4B2804818E002545B3 /* UserDefaults+Extension.swift in Sources */,
				1075FA5528056763002545B3 /* EditTaskViewController.swift in Sources */,
				10AF509A280130500094231D /* Data.xcdatamodeld in Sources */,
				1075FA4328041213002545B3 /* TaskItem+CoreDataProperties.swift in Sources */,
				1075FA452804150B002545B3 /* OneThreeFiveTableViewCell.swift in Sources */,
				10F5020427FFDC66004836CE /* OnboardingCollectionViewCell.swift in Sources */,
				1075FA4228041213002545B3 /* TaskItem+CoreDataClass.swift in Sources */,
				10AF5093280094800094231D /* AddTaskViewController.swift in Sources */,
				1075FA3928032DB1002545B3 /* UITableView+Extension.swift in Sources */,
			);
			runOnlyForDeploymentPostprocessing = 0;
		};
/* End PBXSourcesBuildPhase section */

/* Begin PBXVariantGroup section */
		10311F9927FEF0ED002EEB99 /* Main.storyboard */ = {
			isa = PBXVariantGroup;
			children = (
				10311F9A27FEF0ED002EEB99 /* Base */,
			);
			name = Main.storyboard;
			sourceTree = "<group>";
		};
		10311F9E27FEF0EE002EEB99 /* LaunchScreen.storyboard */ = {
			isa = PBXVariantGroup;
			children = (
				10311F9F27FEF0EE002EEB99 /* Base */,
			);
			name = LaunchScreen.storyboard;
			sourceTree = "<group>";
		};
/* End PBXVariantGroup section */

/* Begin XCBuildConfiguration section */
		10311FA227FEF0EE002EEB99 /* Debug */ = {
			isa = XCBuildConfiguration;
			buildSettings = {
				ALWAYS_SEARCH_USER_PATHS = NO;
				CLANG_ANALYZER_NONNULL = YES;
				CLANG_ANALYZER_NUMBER_OBJECT_CONVERSION = YES_AGGRESSIVE;
				CLANG_CXX_LANGUAGE_STANDARD = "gnu++17";
				CLANG_ENABLE_MODULES = YES;
				CLANG_ENABLE_OBJC_ARC = YES;
				CLANG_ENABLE_OBJC_WEAK = YES;
				CLANG_WARN_BLOCK_CAPTURE_AUTORELEASING = YES;
				CLANG_WARN_BOOL_CONVERSION = YES;
				CLANG_WARN_COMMA = YES;
				CLANG_WARN_CONSTANT_CONVERSION = YES;
				CLANG_WARN_DEPRECATED_OBJC_IMPLEMENTATIONS = YES;
				CLANG_WARN_DIRECT_OBJC_ISA_USAGE = YES_ERROR;
				CLANG_WARN_DOCUMENTATION_COMMENTS = YES;
				CLANG_WARN_EMPTY_BODY = YES;
				CLANG_WARN_ENUM_CONVERSION = YES;
				CLANG_WARN_INFINITE_RECURSION = YES;
				CLANG_WARN_INT_CONVERSION = YES;
				CLANG_WARN_NON_LITERAL_NULL_CONVERSION = YES;
				CLANG_WARN_OBJC_IMPLICIT_RETAIN_SELF = YES;
				CLANG_WARN_OBJC_LITERAL_CONVERSION = YES;
				CLANG_WARN_OBJC_ROOT_CLASS = YES_ERROR;
				CLANG_WARN_QUOTED_INCLUDE_IN_FRAMEWORK_HEADER = YES;
				CLANG_WARN_RANGE_LOOP_ANALYSIS = YES;
				CLANG_WARN_STRICT_PROTOTYPES = YES;
				CLANG_WARN_SUSPICIOUS_MOVE = YES;
				CLANG_WARN_UNGUARDED_AVAILABILITY = YES_AGGRESSIVE;
				CLANG_WARN_UNREACHABLE_CODE = YES;
				CLANG_WARN__DUPLICATE_METHOD_MATCH = YES;
				COPY_PHASE_STRIP = NO;
				DEBUG_INFORMATION_FORMAT = dwarf;
				ENABLE_STRICT_OBJC_MSGSEND = YES;
				ENABLE_TESTABILITY = YES;
				GCC_C_LANGUAGE_STANDARD = gnu11;
				GCC_DYNAMIC_NO_PIC = NO;
				GCC_NO_COMMON_BLOCKS = YES;
				GCC_OPTIMIZATION_LEVEL = 0;
				GCC_PREPROCESSOR_DEFINITIONS = (
					"DEBUG=1",
					"$(inherited)",
				);
				GCC_WARN_64_TO_32_BIT_CONVERSION = YES;
				GCC_WARN_ABOUT_RETURN_TYPE = YES_ERROR;
				GCC_WARN_UNDECLARED_SELECTOR = YES;
				GCC_WARN_UNINITIALIZED_AUTOS = YES_AGGRESSIVE;
				GCC_WARN_UNUSED_FUNCTION = YES;
				GCC_WARN_UNUSED_VARIABLE = YES;
				IPHONEOS_DEPLOYMENT_TARGET = 15.4;
				MTL_ENABLE_DEBUG_INFO = INCLUDE_SOURCE;
				MTL_FAST_MATH = YES;
				ONLY_ACTIVE_ARCH = YES;
				SDKROOT = iphoneos;
				SWIFT_ACTIVE_COMPILATION_CONDITIONS = DEBUG;
				SWIFT_OPTIMIZATION_LEVEL = "-Onone";
			};
			name = Debug;
		};
		10311FA327FEF0EE002EEB99 /* Release */ = {
			isa = XCBuildConfiguration;
			buildSettings = {
				ALWAYS_SEARCH_USER_PATHS = NO;
				CLANG_ANALYZER_NONNULL = YES;
				CLANG_ANALYZER_NUMBER_OBJECT_CONVERSION = YES_AGGRESSIVE;
				CLANG_CXX_LANGUAGE_STANDARD = "gnu++17";
				CLANG_ENABLE_MODULES = YES;
				CLANG_ENABLE_OBJC_ARC = YES;
				CLANG_ENABLE_OBJC_WEAK = YES;
				CLANG_WARN_BLOCK_CAPTURE_AUTORELEASING = YES;
				CLANG_WARN_BOOL_CONVERSION = YES;
				CLANG_WARN_COMMA = YES;
				CLANG_WARN_CONSTANT_CONVERSION = YES;
				CLANG_WARN_DEPRECATED_OBJC_IMPLEMENTATIONS = YES;
				CLANG_WARN_DIRECT_OBJC_ISA_USAGE = YES_ERROR;
				CLANG_WARN_DOCUMENTATION_COMMENTS = YES;
				CLANG_WARN_EMPTY_BODY = YES;
				CLANG_WARN_ENUM_CONVERSION = YES;
				CLANG_WARN_INFINITE_RECURSION = YES;
				CLANG_WARN_INT_CONVERSION = YES;
				CLANG_WARN_NON_LITERAL_NULL_CONVERSION = YES;
				CLANG_WARN_OBJC_IMPLICIT_RETAIN_SELF = YES;
				CLANG_WARN_OBJC_LITERAL_CONVERSION = YES;
				CLANG_WARN_OBJC_ROOT_CLASS = YES_ERROR;
				CLANG_WARN_QUOTED_INCLUDE_IN_FRAMEWORK_HEADER = YES;
				CLANG_WARN_RANGE_LOOP_ANALYSIS = YES;
				CLANG_WARN_STRICT_PROTOTYPES = YES;
				CLANG_WARN_SUSPICIOUS_MOVE = YES;
				CLANG_WARN_UNGUARDED_AVAILABILITY = YES_AGGRESSIVE;
				CLANG_WARN_UNREACHABLE_CODE = YES;
				CLANG_WARN__DUPLICATE_METHOD_MATCH = YES;
				COPY_PHASE_STRIP = NO;
				DEBUG_INFORMATION_FORMAT = "dwarf-with-dsym";
				ENABLE_NS_ASSERTIONS = NO;
				ENABLE_STRICT_OBJC_MSGSEND = YES;
				GCC_C_LANGUAGE_STANDARD = gnu11;
				GCC_NO_COMMON_BLOCKS = YES;
				GCC_WARN_64_TO_32_BIT_CONVERSION = YES;
				GCC_WARN_ABOUT_RETURN_TYPE = YES_ERROR;
				GCC_WARN_UNDECLARED_SELECTOR = YES;
				GCC_WARN_UNINITIALIZED_AUTOS = YES_AGGRESSIVE;
				GCC_WARN_UNUSED_FUNCTION = YES;
				GCC_WARN_UNUSED_VARIABLE = YES;
				IPHONEOS_DEPLOYMENT_TARGET = 15.4;
				MTL_ENABLE_DEBUG_INFO = NO;
				MTL_FAST_MATH = YES;
				SDKROOT = iphoneos;
				SWIFT_COMPILATION_MODE = wholemodule;
				SWIFT_OPTIMIZATION_LEVEL = "-O";
				VALIDATE_PRODUCT = YES;
			};
			name = Release;
		};
		10311FA527FEF0EE002EEB99 /* Debug */ = {
			isa = XCBuildConfiguration;
			buildSettings = {
				ASSETCATALOG_COMPILER_APPICON_NAME = AppIcon;
				ASSETCATALOG_COMPILER_GLOBAL_ACCENT_COLOR_NAME = AccentColor;
				CODE_SIGN_STYLE = Automatic;
				CURRENT_PROJECT_VERSION = 1;
				DEVELOPMENT_TEAM = X3D8UM28XD;
				GENERATE_INFOPLIST_FILE = YES;
				INFOPLIST_FILE = emcesatu/Info.plist;
				INFOPLIST_KEY_UIApplicationSupportsIndirectInputEvents = YES;
				INFOPLIST_KEY_UILaunchStoryboardName = LaunchScreen;
				INFOPLIST_KEY_UIMainStoryboardFile = Main;
				INFOPLIST_KEY_UISupportedInterfaceOrientations_iPad = "UIInterfaceOrientationPortrait UIInterfaceOrientationPortraitUpsideDown UIInterfaceOrientationLandscapeLeft UIInterfaceOrientationLandscapeRight";
				INFOPLIST_KEY_UISupportedInterfaceOrientations_iPhone = "UIInterfaceOrientationPortrait UIInterfaceOrientationLandscapeLeft UIInterfaceOrientationLandscapeRight";
				LD_RUNPATH_SEARCH_PATHS = (
					"$(inherited)",
					"@executable_path/Frameworks",
				);
				MARKETING_VERSION = 1.0;
				PRODUCT_BUNDLE_IDENTIFIER = com.shrall.emcesatu;
				PRODUCT_NAME = "$(TARGET_NAME)";
				SWIFT_EMIT_LOC_STRINGS = YES;
				SWIFT_VERSION = 5.0;
				TARGETED_DEVICE_FAMILY = "1,2";
			};
			name = Debug;
		};
		10311FA627FEF0EE002EEB99 /* Release */ = {
			isa = XCBuildConfiguration;
			buildSettings = {
				ASSETCATALOG_COMPILER_APPICON_NAME = AppIcon;
				ASSETCATALOG_COMPILER_GLOBAL_ACCENT_COLOR_NAME = AccentColor;
				CODE_SIGN_STYLE = Automatic;
				CURRENT_PROJECT_VERSION = 1;
				DEVELOPMENT_TEAM = X3D8UM28XD;
				GENERATE_INFOPLIST_FILE = YES;
				INFOPLIST_FILE = emcesatu/Info.plist;
				INFOPLIST_KEY_UIApplicationSupportsIndirectInputEvents = YES;
				INFOPLIST_KEY_UILaunchStoryboardName = LaunchScreen;
				INFOPLIST_KEY_UIMainStoryboardFile = Main;
				INFOPLIST_KEY_UISupportedInterfaceOrientations_iPad = "UIInterfaceOrientationPortrait UIInterfaceOrientationPortraitUpsideDown UIInterfaceOrientationLandscapeLeft UIInterfaceOrientationLandscapeRight";
				INFOPLIST_KEY_UISupportedInterfaceOrientations_iPhone = "UIInterfaceOrientationPortrait UIInterfaceOrientationLandscapeLeft UIInterfaceOrientationLandscapeRight";
				LD_RUNPATH_SEARCH_PATHS = (
					"$(inherited)",
					"@executable_path/Frameworks",
				);
				MARKETING_VERSION = 1.0;
				PRODUCT_BUNDLE_IDENTIFIER = com.shrall.emcesatu;
				PRODUCT_NAME = "$(TARGET_NAME)";
				SWIFT_EMIT_LOC_STRINGS = YES;
				SWIFT_VERSION = 5.0;
				TARGETED_DEVICE_FAMILY = "1,2";
			};
			name = Release;
		};
/* End XCBuildConfiguration section */

/* Begin XCConfigurationList section */
		10311F8B27FEF0ED002EEB99 /* Build configuration list for PBXProject "emcesatu" */ = {
			isa = XCConfigurationList;
			buildConfigurations = (
				10311FA227FEF0EE002EEB99 /* Debug */,
				10311FA327FEF0EE002EEB99 /* Release */,
			);
			defaultConfigurationIsVisible = 0;
			defaultConfigurationName = Release;
		};
		10311FA427FEF0EE002EEB99 /* Build configuration list for PBXNativeTarget "emcesatu" */ = {
			isa = XCConfigurationList;
			buildConfigurations = (
				10311FA527FEF0EE002EEB99 /* Debug */,
				10311FA627FEF0EE002EEB99 /* Release */,
			);
			defaultConfigurationIsVisible = 0;
			defaultConfigurationName = Release;
		};
/* End XCConfigurationList section */

/* Begin XCVersionGroup section */
		10AF5098280130500094231D /* Data.xcdatamodeld */ = {
			isa = XCVersionGroup;
			children = (
				10AF5099280130500094231D /* Data.xcdatamodel */,
			);
			currentVersion = 10AF5099280130500094231D /* Data.xcdatamodel */;
			path = Data.xcdatamodeld;
			sourceTree = "<group>";
			versionGroupType = wrapper.xcdatamodel;
		};
/* End XCVersionGroup section */
	};
	rootObject = 10311F8827FEF0ED002EEB99 /* Project object */;
}
